// !$*UTF8*$!
{
	archiveVersion = 1;
	classes = {
	};
	objectVersion = 77;
	objects = {

/* Begin PBXContainerItemProxy section */
		DFEC16FB2D7F23D5000DFD0C /* PBXContainerItemProxy */ = {
			isa = PBXContainerItemProxy;
			containerPortal = DFEC16DC2D7F23D4000DFD0C /* Project object */;
			proxyType = 1;
			remoteGlobalIDString = DFEC16E32D7F23D4000DFD0C;
			remoteInfo = CICDTest;
		};
		DFEC17052D7F23D5000DFD0C /* PBXContainerItemProxy */ = {
			isa = PBXContainerItemProxy;
			containerPortal = DFEC16DC2D7F23D4000DFD0C /* Project object */;
			proxyType = 1;
			remoteGlobalIDString = DFEC16E32D7F23D4000DFD0C;
			remoteInfo = CICDTest;
		};
/* End PBXContainerItemProxy section */

/* Begin PBXFileReference section */
		DFEC16E42D7F23D4000DFD0C /* CICDTest.app */ = {isa = PBXFileReference; explicitFileType = wrapper.application; includeInIndex = 0; path = CICDTest.app; sourceTree = BUILT_PRODUCTS_DIR; };
		DFEC16FA2D7F23D5000DFD0C /* CICDTestTests.xctest */ = {isa = PBXFileReference; explicitFileType = wrapper.cfbundle; includeInIndex = 0; path = CICDTestTests.xctest; sourceTree = BUILT_PRODUCTS_DIR; };
		DFEC17042D7F23D5000DFD0C /* CICDTestUITests.xctest */ = {isa = PBXFileReference; explicitFileType = wrapper.cfbundle; includeInIndex = 0; path = CICDTestUITests.xctest; sourceTree = BUILT_PRODUCTS_DIR; };
/* End PBXFileReference section */

/* Begin PBXFileSystemSynchronizedBuildFileExceptionSet section */
		DFEC170C2D7F23D5000DFD0C /* Exceptions for "CICDTest" folder in "CICDTest" target */ = {
			isa = PBXFileSystemSynchronizedBuildFileExceptionSet;
			membershipExceptions = (
				Info.plist,
			);
			target = DFEC16E32D7F23D4000DFD0C /* CICDTest */;
		};
/* End PBXFileSystemSynchronizedBuildFileExceptionSet section */

/* Begin PBXFileSystemSynchronizedRootGroup section */
		DFEC16E62D7F23D4000DFD0C /* CICDTest */ = {
			isa = PBXFileSystemSynchronizedRootGroup;
			exceptions = (
				DFEC170C2D7F23D5000DFD0C /* Exceptions for "CICDTest" folder in "CICDTest" target */,
			);
			path = CICDTest;
			sourceTree = "<group>";
		};
		DFEC16FD2D7F23D5000DFD0C /* CICDTestTests */ = {
			isa = PBXFileSystemSynchronizedRootGroup;
			path = CICDTestTests;
			sourceTree = "<group>";
		};
		DFEC17072D7F23D5000DFD0C /* CICDTestUITests */ = {
			isa = PBXFileSystemSynchronizedRootGroup;
			path = CICDTestUITests;
			sourceTree = "<group>";
		};
/* End PBXFileSystemSynchronizedRootGroup section */

/* Begin PBXFrameworksBuildPhase section */
		DFEC16E12D7F23D4000DFD0C /* Frameworks */ = {
			isa = PBXFrameworksBuildPhase;
			buildActionMask = 2147483647;
			files = (
			);
			runOnlyForDeploymentPostprocessing = 0;
		};
		DFEC16F72D7F23D5000DFD0C /* Frameworks */ = {
			isa = PBXFrameworksBuildPhase;
			buildActionMask = 2147483647;
			files = (
			);
			runOnlyForDeploymentPostprocessing = 0;
		};
		DFEC17012D7F23D5000DFD0C /* Frameworks */ = {
			isa = PBXFrameworksBuildPhase;
			buildActionMask = 2147483647;
			files = (
			);
			runOnlyForDeploymentPostprocessing = 0;
		};
/* End PBXFrameworksBuildPhase section */

/* Begin PBXGroup section */
		DFEC16DB2D7F23D4000DFD0C = {
			isa = PBXGroup;
			children = (
				DFEC16E62D7F23D4000DFD0C /* CICDTest */,
				DFEC16FD2D7F23D5000DFD0C /* CICDTestTests */,
				DFEC17072D7F23D5000DFD0C /* CICDTestUITests */,
				DFEC16E52D7F23D4000DFD0C /* Products */,
			);
			sourceTree = "<group>";
		};
		DFEC16E52D7F23D4000DFD0C /* Products */ = {
			isa = PBXGroup;
			children = (
				DFEC16E42D7F23D4000DFD0C /* CICDTest.app */,
				DFEC16FA2D7F23D5000DFD0C /* CICDTestTests.xctest */,
				DFEC17042D7F23D5000DFD0C /* CICDTestUITests.xctest */,
			);
			name = Products;
			sourceTree = "<group>";
		};
/* End PBXGroup section */

/* Begin PBXNativeTarget section */
		DFEC16E32D7F23D4000DFD0C /* CICDTest */ = {
			isa = PBXNativeTarget;
			buildConfigurationList = DFEC170D2D7F23D5000DFD0C /* Build configuration list for PBXNativeTarget "CICDTest" */;
			buildPhases = (
				DFEC16E02D7F23D4000DFD0C /* Sources */,
				DFEC16E12D7F23D4000DFD0C /* Frameworks */,
				DFEC16E22D7F23D4000DFD0C /* Resources */,
			);
			buildRules = (
			);
			dependencies = (
			);
			fileSystemSynchronizedGroups = (
				DFEC16E62D7F23D4000DFD0C /* CICDTest */,
			);
			name = CICDTest;
			packageProductDependencies = (
			);
			productName = CICDTest;
			productReference = DFEC16E42D7F23D4000DFD0C /* CICDTest.app */;
			productType = "com.apple.product-type.application";
		};
		DFEC16F92D7F23D5000DFD0C /* CICDTestTests */ = {
			isa = PBXNativeTarget;
			buildConfigurationList = DFEC17122D7F23D5000DFD0C /* Build configuration list for PBXNativeTarget "CICDTestTests" */;
			buildPhases = (
				DFEC16F62D7F23D5000DFD0C /* Sources */,
				DFEC16F72D7F23D5000DFD0C /* Frameworks */,
				DFEC16F82D7F23D5000DFD0C /* Resources */,
			);
			buildRules = (
			);
			dependencies = (
				DFEC16FC2D7F23D5000DFD0C /* PBXTargetDependency */,
			);
			fileSystemSynchronizedGroups = (
				DFEC16FD2D7F23D5000DFD0C /* CICDTestTests */,
			);
			name = CICDTestTests;
			packageProductDependencies = (
			);
			productName = CICDTestTests;
			productReference = DFEC16FA2D7F23D5000DFD0C /* CICDTestTests.xctest */;
			productType = "com.apple.product-type.bundle.unit-test";
		};
		DFEC17032D7F23D5000DFD0C /* CICDTestUITests */ = {
			isa = PBXNativeTarget;
			buildConfigurationList = DFEC17152D7F23D5000DFD0C /* Build configuration list for PBXNativeTarget "CICDTestUITests" */;
			buildPhases = (
				DFEC17002D7F23D5000DFD0C /* Sources */,
				DFEC17012D7F23D5000DFD0C /* Frameworks */,
				DFEC17022D7F23D5000DFD0C /* Resources */,
			);
			buildRules = (
			);
			dependencies = (
				DFEC17062D7F23D5000DFD0C /* PBXTargetDependency */,
			);
			fileSystemSynchronizedGroups = (
				DFEC17072D7F23D5000DFD0C /* CICDTestUITests */,
			);
			name = CICDTestUITests;
			packageProductDependencies = (
			);
			productName = CICDTestUITests;
			productReference = DFEC17042D7F23D5000DFD0C /* CICDTestUITests.xctest */;
			productType = "com.apple.product-type.bundle.ui-testing";
		};
/* End PBXNativeTarget section */

/* Begin PBXProject section */
		DFEC16DC2D7F23D4000DFD0C /* Project object */ = {
			isa = PBXProject;
			attributes = {
				BuildIndependentTargetsInParallel = 1;
				LastSwiftUpdateCheck = 1620;
				LastUpgradeCheck = 1620;
				TargetAttributes = {
					DFEC16E32D7F23D4000DFD0C = {
						CreatedOnToolsVersion = 16.2;
					};
					DFEC16F92D7F23D5000DFD0C = {
						CreatedOnToolsVersion = 16.2;
						TestTargetID = DFEC16E32D7F23D4000DFD0C;
					};
					DFEC17032D7F23D5000DFD0C = {
						CreatedOnToolsVersion = 16.2;
						TestTargetID = DFEC16E32D7F23D4000DFD0C;
					};
				};
			};
			buildConfigurationList = DFEC16DF2D7F23D4000DFD0C /* Build configuration list for PBXProject "CICDTest" */;
			developmentRegion = en;
			hasScannedForEncodings = 0;
			knownRegions = (
				en,
				Base,
			);
			mainGroup = DFEC16DB2D7F23D4000DFD0C;
			minimizedProjectReferenceProxies = 1;
			preferredProjectObjectVersion = 77;
			productRefGroup = DFEC16E52D7F23D4000DFD0C /* Products */;
			projectDirPath = "";
			projectRoot = "";
			targets = (
				DFEC16E32D7F23D4000DFD0C /* CICDTest */,
				DFEC16F92D7F23D5000DFD0C /* CICDTestTests */,
				DFEC17032D7F23D5000DFD0C /* CICDTestUITests */,
			);
		};
/* End PBXProject section */

/* Begin PBXResourcesBuildPhase section */
		DFEC16E22D7F23D4000DFD0C /* Resources */ = {
			isa = PBXResourcesBuildPhase;
			buildActionMask = 2147483647;
			files = (
			);
			runOnlyForDeploymentPostprocessing = 0;
		};
		DFEC16F82D7F23D5000DFD0C /* Resources */ = {
			isa = PBXResourcesBuildPhase;
			buildActionMask = 2147483647;
			files = (
			);
			runOnlyForDeploymentPostprocessing = 0;
		};
		DFEC17022D7F23D5000DFD0C /* Resources */ = {
			isa = PBXResourcesBuildPhase;
			buildActionMask = 2147483647;
			files = (
			);
			runOnlyForDeploymentPostprocessing = 0;
		};
/* End PBXResourcesBuildPhase section */

/* Begin PBXSourcesBuildPhase section */
		DFEC16E02D7F23D4000DFD0C /* Sources */ = {
			isa = PBXSourcesBuildPhase;
			buildActionMask = 2147483647;
			files = (
			);
			runOnlyForDeploymentPostprocessing = 0;
		};
		DFEC16F62D7F23D5000DFD0C /* Sources */ = {
			isa = PBXSourcesBuildPhase;
			buildActionMask = 2147483647;
			files = (
			);
			runOnlyForDeploymentPostprocessing = 0;
		};
		DFEC17002D7F23D5000DFD0C /* Sources */ = {
			isa = PBXSourcesBuildPhase;
			buildActionMask = 2147483647;
			files = (
			);
			runOnlyForDeploymentPostprocessing = 0;
		};
/* End PBXSourcesBuildPhase section */

/* Begin PBXTargetDependency section */
		DFEC16FC2D7F23D5000DFD0C /* PBXTargetDependency */ = {
			isa = PBXTargetDependency;
			target = DFEC16E32D7F23D4000DFD0C /* CICDTest */;
			targetProxy = DFEC16FB2D7F23D5000DFD0C /* PBXContainerItemProxy */;
		};
		DFEC17062D7F23D5000DFD0C /* PBXTargetDependency */ = {
			isa = PBXTargetDependency;
			target = DFEC16E32D7F23D4000DFD0C /* CICDTest */;
			targetProxy = DFEC17052D7F23D5000DFD0C /* PBXContainerItemProxy */;
		};
/* End PBXTargetDependency section */

/* Begin XCBuildConfiguration section */
		DFEC170E2D7F23D5000DFD0C /* Debug */ = {
			isa = XCBuildConfiguration;
			buildSettings = {
				ASSETCATALOG_COMPILER_APPICON_NAME = AppIcon;
				ASSETCATALOG_COMPILER_GLOBAL_ACCENT_COLOR_NAME = AccentColor;
				CODE_SIGN_STYLE = Automatic;
				CURRENT_PROJECT_VERSION = 1;
				DEVELOPMENT_TEAM = LGX4B4WC66;
				GENERATE_INFOPLIST_FILE = YES;
				INFOPLIST_FILE = CICDTest/Info.plist;
				INFOPLIST_KEY_UIApplicationSupportsIndirectInputEvents = YES;
				INFOPLIST_KEY_UILaunchStoryboardName = LaunchScreen;
				INFOPLIST_KEY_UIMainStoryboardFile = Main;
				INFOPLIST_KEY_UISupportedInterfaceOrientations_iPad = "UIInterfaceOrientationPortrait UIInterfaceOrientationPortraitUpsideDown UIInterfaceOrientationLandscapeLeft UIInterfaceOrientationLandscapeRight";
				INFOPLIST_KEY_UISupportedInterfaceOrientations_iPhone = "UIInterfaceOrientationPortrait UIInterfaceOrientationLandscapeLeft UIInterfaceOrientationLandscapeRight";
				IPHONEOS_DEPLOYMENT_TARGET = 17.0;
				LD_RUNPATH_SEARCH_PATHS = (
					"$(inherited)",
					"@executable_path/Frameworks",
				);
				MARKETING_VERSION = 1.0;
				PRODUCT_BUNDLE_IDENTIFIER = com.indextrown.CICDTest;
				PRODUCT_NAME = "$(TARGET_NAME)";
				SWIFT_EMIT_LOC_STRINGS = YES;
				SWIFT_VERSION = 5.0;
				TARGETED_DEVICE_FAMILY = "1,2";
			};
			name = Debug;
		};
		DFEC170F2D7F23D5000DFD0C /* Release */ = {
			isa = XCBuildConfiguration;
			buildSettings = {
				ASSETCATALOG_COMPILER_APPICON_NAME = AppIcon;
				ASSETCATALOG_COMPILER_GLOBAL_ACCENT_COLOR_NAME = AccentColor;
				CODE_SIGN_STYLE = Automatic;
				CURRENT_PROJECT_VERSION = 1;
				DEVELOPMENT_TEAM = LGX4B4WC66;
				GENERATE_INFOPLIST_FILE = YES;
				INFOPLIST_FILE = CICDTest/Info.plist;
				INFOPLIST_KEY_UIApplicationSupportsIndirectInputEvents = YES;
				INFOPLIST_KEY_UILaunchStoryboardName = LaunchScreen;
				INFOPLIST_KEY_UIMainStoryboardFile = Main;
				INFOPLIST_KEY_UISupportedInterfaceOrientations_iPad = "UIInterfaceOrientationPortrait UIInterfaceOrientationPortraitUpsideDown UIInterfaceOrientationLandscapeLeft UIInterfaceOrientationLandscapeRight";
				INFOPLIST_KEY_UISupportedInterfaceOrientations_iPhone = "UIInterfaceOrientationPortrait UIInterfaceOrientationLandscapeLeft UIInterfaceOrientationLandscapeRight";
				IPHONEOS_DEPLOYMENT_TARGET = 17.0;
				LD_RUNPATH_SEARCH_PATHS = (
					"$(inherited)",
					"@executable_path/Frameworks",
				);
				MARKETING_VERSION = 1.0;
				PRODUCT_BUNDLE_IDENTIFIER = com.indextrown.CICDTest;
				PRODUCT_NAME = "$(TARGET_NAME)";
				SWIFT_EMIT_LOC_STRINGS = YES;
				SWIFT_VERSION = 5.0;
				TARGETED_DEVICE_FAMILY = "1,2";
			};
			name = Release;
		};
		DFEC17102D7F23D5000DFD0C /* Debug */ = {
			isa = XCBuildConfiguration;
			buildSettings = {
				ALWAYS_SEARCH_USER_PATHS = NO;
				ASSETCATALOG_COMPILER_GENERATE_SWIFT_ASSET_SYMBOL_EXTENSIONS = YES;
				CLANG_ANALYZER_NONNULL = YES;
				CLANG_ANALYZER_NUMBER_OBJECT_CONVERSION = YES_AGGRESSIVE;
				CLANG_CXX_LANGUAGE_STANDARD = "gnu++20";
				CLANG_ENABLE_MODULES = YES;
				CLANG_ENABLE_OBJC_ARC = YES;
				CLANG_ENABLE_OBJC_WEAK = YES;
				CLANG_WARN_BLOCK_CAPTURE_AUTORELEASING = YES;
				CLANG_WARN_BOOL_CONVERSION = YES;
				CLANG_WARN_COMMA = YES;
				CLANG_WARN_CONSTANT_CONVERSION = YES;
				CLANG_WARN_DEPRECATED_OBJC_IMPLEMENTATIONS = YES;
				CLANG_WARN_DIRECT_OBJC_ISA_USAGE = YES_ERROR;
				CLANG_WARN_DOCUMENTATION_COMMENTS = YES;
				CLANG_WARN_EMPTY_BODY = YES;
				CLANG_WARN_ENUM_CONVERSION = YES;
				CLANG_WARN_INFINITE_RECURSION = YES;
				CLANG_WARN_INT_CONVERSION = YES;
				CLANG_WARN_NON_LITERAL_NULL_CONVERSION = YES;
				CLANG_WARN_OBJC_IMPLICIT_RETAIN_SELF = YES;
				CLANG_WARN_OBJC_LITERAL_CONVERSION = YES;
				CLANG_WARN_OBJC_ROOT_CLASS = YES_ERROR;
				CLANG_WARN_QUOTED_INCLUDE_IN_FRAMEWORK_HEADER = YES;
				CLANG_WARN_RANGE_LOOP_ANALYSIS = YES;
				CLANG_WARN_STRICT_PROTOTYPES = YES;
				CLANG_WARN_SUSPICIOUS_MOVE = YES;
				CLANG_WARN_UNGUARDED_AVAILABILITY = YES_AGGRESSIVE;
				CLANG_WARN_UNREACHABLE_CODE = YES;
				CLANG_WARN__DUPLICATE_METHOD_MATCH = YES;
				COPY_PHASE_STRIP = NO;
				DEBUG_INFORMATION_FORMAT = dwarf;
				ENABLE_STRICT_OBJC_MSGSEND = YES;
				ENABLE_TESTABILITY = YES;
				ENABLE_USER_SCRIPT_SANDBOXING = YES;
				GCC_C_LANGUAGE_STANDARD = gnu17;
				GCC_DYNAMIC_NO_PIC = NO;
				GCC_NO_COMMON_BLOCKS = YES;
				GCC_OPTIMIZATION_LEVEL = 0;
				GCC_PREPROCESSOR_DEFINITIONS = (
					"DEBUG=1",
					"$(inherited)",
				);
				GCC_WARN_64_TO_32_BIT_CONVERSION = YES;
				GCC_WARN_ABOUT_RETURN_TYPE = YES_ERROR;
				GCC_WARN_UNDECLARED_SELECTOR = YES;
				GCC_WARN_UNINITIALIZED_AUTOS = YES_AGGRESSIVE;
				GCC_WARN_UNUSED_FUNCTION = YES;
				GCC_WARN_UNUSED_VARIABLE = YES;
				IPHONEOS_DEPLOYMENT_TARGET = 18.2;
				LOCALIZATION_PREFERS_STRING_CATALOGS = YES;
				MTL_ENABLE_DEBUG_INFO = INCLUDE_SOURCE;
				MTL_FAST_MATH = YES;
				ONLY_ACTIVE_ARCH = YES;
				SDKROOT = iphoneos;
				SWIFT_ACTIVE_COMPILATION_CONDITIONS = "DEBUG $(inherited)";
				SWIFT_OPTIMIZATION_LEVEL = "-Onone";
			};
			name = Debug;
		};
		DFEC17112D7F23D5000DFD0C /* Release */ = {
			isa = XCBuildConfiguration;
			buildSettings = {
				ALWAYS_SEARCH_USER_PATHS = NO;
				ASSETCATALOG_COMPILER_GENERATE_SWIFT_ASSET_SYMBOL_EXTENSIONS = YES;
				CLANG_ANALYZER_NONNULL = YES;
				CLANG_ANALYZER_NUMBER_OBJECT_CONVERSION = YES_AGGRESSIVE;
				CLANG_CXX_LANGUAGE_STANDARD = "gnu++20";
				CLANG_ENABLE_MODULES = YES;
				CLANG_ENABLE_OBJC_ARC = YES;
				CLANG_ENABLE_OBJC_WEAK = YES;
				CLANG_WARN_BLOCK_CAPTURE_AUTORELEASING = YES;
				CLANG_WARN_BOOL_CONVERSION = YES;
				CLANG_WARN_COMMA = YES;
				CLANG_WARN_CONSTANT_CONVERSION = YES;
				CLANG_WARN_DEPRECATED_OBJC_IMPLEMENTATIONS = YES;
				CLANG_WARN_DIRECT_OBJC_ISA_USAGE = YES_ERROR;
				CLANG_WARN_DOCUMENTATION_COMMENTS = YES;
				CLANG_WARN_EMPTY_BODY = YES;
				CLANG_WARN_ENUM_CONVERSION = YES;
				CLANG_WARN_INFINITE_RECURSION = YES;
				CLANG_WARN_INT_CONVERSION = YES;
				CLANG_WARN_NON_LITERAL_NULL_CONVERSION = YES;
				CLANG_WARN_OBJC_IMPLICIT_RETAIN_SELF = YES;
				CLANG_WARN_OBJC_LITERAL_CONVERSION = YES;
				CLANG_WARN_OBJC_ROOT_CLASS = YES_ERROR;
				CLANG_WARN_QUOTED_INCLUDE_IN_FRAMEWORK_HEADER = YES;
				CLANG_WARN_RANGE_LOOP_ANALYSIS = YES;
				CLANG_WARN_STRICT_PROTOTYPES = YES;
				CLANG_WARN_SUSPICIOUS_MOVE = YES;
				CLANG_WARN_UNGUARDED_AVAILABILITY = YES_AGGRESSIVE;
				CLANG_WARN_UNREACHABLE_CODE = YES;
				CLANG_WARN__DUPLICATE_METHOD_MATCH = YES;
				COPY_PHASE_STRIP = NO;
				DEBUG_INFORMATION_FORMAT = "dwarf-with-dsym";
				ENABLE_NS_ASSERTIONS = NO;
				ENABLE_STRICT_OBJC_MSGSEND = YES;
				ENABLE_USER_SCRIPT_SANDBOXING = YES;
				GCC_C_LANGUAGE_STANDARD = gnu17;
				GCC_NO_COMMON_BLOCKS = YES;
				GCC_WARN_64_TO_32_BIT_CONVERSION = YES;
				GCC_WARN_ABOUT_RETURN_TYPE = YES_ERROR;
				GCC_WARN_UNDECLARED_SELECTOR = YES;
				GCC_WARN_UNINITIALIZED_AUTOS = YES_AGGRESSIVE;
				GCC_WARN_UNUSED_FUNCTION = YES;
				GCC_WARN_UNUSED_VARIABLE = YES;
				IPHONEOS_DEPLOYMENT_TARGET = 18.2;
				LOCALIZATION_PREFERS_STRING_CATALOGS = YES;
				MTL_ENABLE_DEBUG_INFO = NO;
				MTL_FAST_MATH = YES;
				SDKROOT = iphoneos;
				SWIFT_COMPILATION_MODE = wholemodule;
				VALIDATE_PRODUCT = YES;
			};
			name = Release;
		};
		DFEC17132D7F23D5000DFD0C /* Debug */ = {
			isa = XCBuildConfiguration;
			buildSettings = {
				BUNDLE_LOADER = "$(TEST_HOST)";
				CODE_SIGN_STYLE = Automatic;
				CURRENT_PROJECT_VERSION = 1;
				DEVELOPMENT_TEAM = LGX4B4WC66;
				GENERATE_INFOPLIST_FILE = YES;
				IPHONEOS_DEPLOYMENT_TARGET = 17.0;
				MARKETING_VERSION = 1.0;
				PRODUCT_BUNDLE_IDENTIFIER = com.indextrown.CICDTestTests;
				PRODUCT_NAME = "$(TARGET_NAME)";
				SWIFT_EMIT_LOC_STRINGS = NO;
				SWIFT_VERSION = 5.0;
				TARGETED_DEVICE_FAMILY = "1,2";
				TEST_HOST = "$(BUILT_PRODUCTS_DIR)/CICDTest.app/$(BUNDLE_EXECUTABLE_FOLDER_PATH)/CICDTest";
			};
			name = Debug;
		};
		DFEC17142D7F23D5000DFD0C /* Release */ = {
			isa = XCBuildConfiguration;
			buildSettings = {
				BUNDLE_LOADER = "$(TEST_HOST)";
				CODE_SIGN_STYLE = Automatic;
				CURRENT_PROJECT_VERSION = 1;
				DEVELOPMENT_TEAM = LGX4B4WC66;
				GENERATE_INFOPLIST_FILE = YES;
				IPHONEOS_DEPLOYMENT_TARGET = 17.0;
				MARKETING_VERSION = 1.0;
				PRODUCT_BUNDLE_IDENTIFIER = com.indextrown.CICDTestTests;
				PRODUCT_NAME = "$(TARGET_NAME)";
				SWIFT_EMIT_LOC_STRINGS = NO;
				SWIFT_VERSION = 5.0;
				TARGETED_DEVICE_FAMILY = "1,2";
				TEST_HOST = "$(BUILT_PRODUCTS_DIR)/CICDTest.app/$(BUNDLE_EXECUTABLE_FOLDER_PATH)/CICDTest";
			};
			name = Release;
		};
		DFEC17162D7F23D5000DFD0C /* Debug */ = {
			isa = XCBuildConfiguration;
			buildSettings = {
				CODE_SIGN_STYLE = Automatic;
				CURRENT_PROJECT_VERSION = 1;
				DEVELOPMENT_TEAM = LGX4B4WC66;
				GENERATE_INFOPLIST_FILE = YES;
				IPHONEOS_DEPLOYMENT_TARGET = 17.0;
				MARKETING_VERSION = 1.0;
				PRODUCT_BUNDLE_IDENTIFIER = com.indextrown.CICDTestUITests;
				PRODUCT_NAME = "$(TARGET_NAME)";
				SWIFT_EMIT_LOC_STRINGS = NO;
				SWIFT_VERSION = 5.0;
				TARGETED_DEVICE_FAMILY = "1,2";
				TEST_TARGET_NAME = CICDTest;
			};
			name = Debug;
		};
		DFEC17172D7F23D5000DFD0C /* Release */ = {
			isa = XCBuildConfiguration;
			buildSettings = {
				CODE_SIGN_STYLE = Automatic;
				CURRENT_PROJECT_VERSION = 1;
				DEVELOPMENT_TEAM = LGX4B4WC66;
				GENERATE_INFOPLIST_FILE = YES;
				IPHONEOS_DEPLOYMENT_TARGET = 17.0;
				MARKETING_VERSION = 1.0;
				PRODUCT_BUNDLE_IDENTIFIER = com.indextrown.CICDTestUITests;
				PRODUCT_NAME = "$(TARGET_NAME)";
				SWIFT_EMIT_LOC_STRINGS = NO;
				SWIFT_VERSION = 5.0;
				TARGETED_DEVICE_FAMILY = "1,2";
				TEST_TARGET_NAME = CICDTest;
			};
			name = Release;
		};
/* End XCBuildConfiguration section */

/* Begin XCConfigurationList section */
		DFEC16DF2D7F23D4000DFD0C /* Build configuration list for PBXProject "CICDTest" */ = {
			isa = XCConfigurationList;
			buildConfigurations = (
				DFEC17102D7F23D5000DFD0C /* Debug */,
				DFEC17112D7F23D5000DFD0C /* Release */,
			);
			defaultConfigurationIsVisible = 0;
			defaultConfigurationName = Release;
		};
		DFEC170D2D7F23D5000DFD0C /* Build configuration list for PBXNativeTarget "CICDTest" */ = {
			isa = XCConfigurationList;
			buildConfigurations = (
				DFEC170E2D7F23D5000DFD0C /* Debug */,
				DFEC170F2D7F23D5000DFD0C /* Release */,
			);
			defaultConfigurationIsVisible = 0;
			defaultConfigurationName = Release;
		};
		DFEC17122D7F23D5000DFD0C /* Build configuration list for PBXNativeTarget "CICDTestTests" */ = {
			isa = XCConfigurationList;
			buildConfigurations = (
				DFEC17132D7F23D5000DFD0C /* Debug */,
				DFEC17142D7F23D5000DFD0C /* Release */,
			);
			defaultConfigurationIsVisible = 0;
			defaultConfigurationName = Release;
		};
		DFEC17152D7F23D5000DFD0C /* Build configuration list for PBXNativeTarget "CICDTestUITests" */ = {
			isa = XCConfigurationList;
			buildConfigurations = (
				DFEC17162D7F23D5000DFD0C /* Debug */,
				DFEC17172D7F23D5000DFD0C /* Release */,
			);
			defaultConfigurationIsVisible = 0;
			defaultConfigurationName = Release;
		};
/* End XCConfigurationList section */
	};
	rootObject = DFEC16DC2D7F23D4000DFD0C /* Project object */;
}
